
Microsoft Visual Studio Solution File, Format Version 12.00
# Visual Studio 15
VisualStudioVersion = 15.0.27130.2027
MinimumVisualStudioVersion = 14.0.00000.0
Project("{8BC9CEB8-8B4A-11D0-8D11-00A0C91BC942}") = "makepad", "makepad\makepad.vcxproj", "{6B7E895D-474F-4A58-9268-6C127DED545C}"
EndProject
Global
	GlobalSection(SolutionConfigurationPlatforms) = preSolution
		Debug|ARM = Debug|ARM
		Debug|x64 = Debug|x64
		Debug|x86 = Debug|x86
		Release|ARM = Release|ARM
		Release|x64 = Release|x64
		Release|x86 = Release|x86
		Test|ARM = Test|ARM
		Test|x64 = Test|x64
		Test|x86 = Test|x86
	EndGlobalSection
	GlobalSection(ProjectConfigurationPlatforms) = postSolution
		{6B7E895D-474F-4A58-9268-6C127DED545C}.Debug|ARM.ActiveCfg = Debug|Win32
		{6B7E895D-474F-4A58-9268-6C127DED545C}.Debug|x64.ActiveCfg = Debug|x64
		{6B7E895D-474F-4A58-9268-6C127DED545C}.Debug|x64.Build.0 = Debug|x64
		{6B7E895D-474F-4A58-9268-6C127DED545C}.Debug|x86.ActiveCfg = Debug|Win32
		{6B7E895D-474F-4A58-9268-6C127DED545C}.Debug|x86.Build.0 = Debug|Win32
		{6B7E895D-474F-4A58-9268-6C127DED545C}.Release|ARM.ActiveCfg = Release|Win32
		{6B7E895D-474F-4A58-9268-6C127DED545C}.Release|x64.ActiveCfg = Release|x64
		{6B7E895D-474F-4A58-9268-6C127DED545C}.Release|x64.Build.0 = Release|x64
		{6B7E895D-474F-4A58-9268-6C127DED545C}.Release|x86.ActiveCfg = Release|Win32
		{6B7E895D-474F-4A58-9268-6C127DED545C}.Release|x86.Build.0 = Release|Win32
		{6B7E895D-474F-4A58-9268-6C127DED545C}.Test|ARM.ActiveCfg = Release|x64
		{6B7E895D-474F-4A58-9268-6C127DED545C}.Test|ARM.Build.0 = Release|x64
		{6B7E895D-474F-4A58-9268-6C127DED545C}.Test|x64.ActiveCfg = Release|x64
		{6B7E895D-474F-4A58-9268-6C127DED545C}.Test|x64.Build.0 = Release|x64
		{6B7E895D-474F-4A58-9268-6C127DED545C}.Test|x86.ActiveCfg = Release|Win32
		{6B7E895D-474F-4A58-9268-6C127DED545C}.Test|x86.Build.0 = Release|Win32
	EndGlobalSection
	GlobalSection(SolutionProperties) = preSolution
		HideSolutionNode = FALSE
	EndGlobalSection
	GlobalSection(ExtensibilityGlobals) = postSolution
		SolutionGuid = {1F6CA1BC-6C01-4C82-8505-6A7690EBD556}
	EndGlobalSection
EndGlobal
